// !$*UTF8*$!
{
	archiveVersion = 1;
	classes = {
	};
	objectVersion = 50;
	objects = {

/* Begin PBXBuildFile section */
		391CBE292270DEB6007ABCF1 /* MenuViewController.swift in Sources */ = {isa = PBXBuildFile; fileRef = 391CBE282270DEB6007ABCF1 /* MenuViewController.swift */; };
		391CBE2B2270E25F007ABCF1 /* tetris-pic.jpg in Resources */ = {isa = PBXBuildFile; fileRef = 391CBE2A2270E25F007ABCF1 /* tetris-pic.jpg */; };
		391CBE2D2270E611007ABCF1 /* PlayViewController.swift in Sources */ = {isa = PBXBuildFile; fileRef = 391CBE2C2270E611007ABCF1 /* PlayViewController.swift */; };
		391CBE32227114A3007ABCF1 /* iOS Tetris.xcdatamodeld in Sources */ = {isa = PBXBuildFile; fileRef = 391CBE30227114A3007ABCF1 /* iOS Tetris.xcdatamodeld */; };
		3928B20F2255D28C00E7BBB6 /* AppDelegate.swift in Sources */ = {isa = PBXBuildFile; fileRef = 3928B20E2255D28C00E7BBB6 /* AppDelegate.swift */; };
		3928B2152255D28C00E7BBB6 /* GameScene.swift in Sources */ = {isa = PBXBuildFile; fileRef = 3928B2142255D28C00E7BBB6 /* GameScene.swift */; };
		3928B2172255D28C00E7BBB6 /* GameViewController.swift in Sources */ = {isa = PBXBuildFile; fileRef = 3928B2162255D28C00E7BBB6 /* GameViewController.swift */; };
		3928B21A2255D28C00E7BBB6 /* Main.storyboard in Resources */ = {isa = PBXBuildFile; fileRef = 3928B2182255D28C00E7BBB6 /* Main.storyboard */; };
		3928B21C2255D29C00E7BBB6 /* Assets.xcassets in Resources */ = {isa = PBXBuildFile; fileRef = 3928B21B2255D29C00E7BBB6 /* Assets.xcassets */; };
		3928B21F2255D29C00E7BBB6 /* LaunchScreen.storyboard in Resources */ = {isa = PBXBuildFile; fileRef = 3928B21D2255D29C00E7BBB6 /* LaunchScreen.storyboard */; };
		3928B22A2255D29D00E7BBB6 /* iOS_TetrisTests.swift in Sources */ = {isa = PBXBuildFile; fileRef = 3928B2292255D29D00E7BBB6 /* iOS_TetrisTests.swift */; };
		392A7EC22271448200898F81 /* LeaderboardViewController.swift in Sources */ = {isa = PBXBuildFile; fileRef = 392A7EC12271448200898F81 /* LeaderboardViewController.swift */; };
		392A7EC32271532700898F81 /* theme.mp3 in Resources */ = {isa = PBXBuildFile; fileRef = 39F4BEBE2257E0E40002607B /* theme.mp3 */; };
		39819AA2225BC75A0041DCAE /* Array2D.swift in Sources */ = {isa = PBXBuildFile; fileRef = 39819AA1225BC75A0041DCAE /* Array2D.swift */; };
		39819AA4225BCDAF0041DCAE /* Block.swift in Sources */ = {isa = PBXBuildFile; fileRef = 39819AA3225BCDAF0041DCAE /* Block.swift */; };
		39819AA6225BD1EF0041DCAE /* Shape.swift in Sources */ = {isa = PBXBuildFile; fileRef = 39819AA5225BD1EF0041DCAE /* Shape.swift */; };
		39819AA8225CF8BB0041DCAE /* SquareShape.swift in Sources */ = {isa = PBXBuildFile; fileRef = 39819AA7225CF8BB0041DCAE /* SquareShape.swift */; };
		39819AAA225CF95C0041DCAE /* TShape.swift in Sources */ = {isa = PBXBuildFile; fileRef = 39819AA9225CF95C0041DCAE /* TShape.swift */; };
		39819AAC225CFE500041DCAE /* LineShape.swift in Sources */ = {isa = PBXBuildFile; fileRef = 39819AAB225CFE500041DCAE /* LineShape.swift */; };
		39819AAE225CFF500041DCAE /* LShape.swift in Sources */ = {isa = PBXBuildFile; fileRef = 39819AAD225CFF500041DCAE /* LShape.swift */; };
		39819AB0225D017B0041DCAE /* JShape.swift in Sources */ = {isa = PBXBuildFile; fileRef = 39819AAF225D017B0041DCAE /* JShape.swift */; };
		39819AB2225D01CC0041DCAE /* SShape.swift in Sources */ = {isa = PBXBuildFile; fileRef = 39819AB1225D01CC0041DCAE /* SShape.swift */; };
		39819AB4225D02300041DCAE /* ZShape.swift in Sources */ = {isa = PBXBuildFile; fileRef = 39819AB3225D02300041DCAE /* ZShape.swift */; };
		39819AB6225D05BD0041DCAE /* GameEngine.swift in Sources */ = {isa = PBXBuildFile; fileRef = 39819AB5225D05BD0041DCAE /* GameEngine.swift */; };
		39819AB8225EEB850041DCAE /* GameEngineDelegate.swift in Sources */ = {isa = PBXBuildFile; fileRef = 39819AB7225EEB850041DCAE /* GameEngineDelegate.swift */; };
		39F4BEC02257E0E40002607B /* drop.mp3 in Resources */ = {isa = PBXBuildFile; fileRef = 39F4BEBB2257E0E40002607B /* drop.mp3 */; };
		39F4BEC12257E0E40002607B /* levelup.mp3 in Resources */ = {isa = PBXBuildFile; fileRef = 39F4BEBC2257E0E40002607B /* levelup.mp3 */; };
		39F4BEC22257E0E40002607B /* gameover.mp3 in Resources */ = {isa = PBXBuildFile; fileRef = 39F4BEBD2257E0E40002607B /* gameover.mp3 */; };
		39F4BEC42257E0E40002607B /* bomb.mp3 in Resources */ = {isa = PBXBuildFile; fileRef = 39F4BEBF2257E0E40002607B /* bomb.mp3 */; };
		39F4BEC62257E1000002607B /* Sprites.atlas in Resources */ = {isa = PBXBuildFile; fileRef = 39F4BEC52257E1000002607B /* Sprites.atlas */; };
/* End PBXBuildFile section */

/* Begin PBXContainerItemProxy section */
		3928B2262255D29D00E7BBB6 /* PBXContainerItemProxy */ = {
			isa = PBXContainerItemProxy;
			containerPortal = 3928B2032255D28B00E7BBB6 /* Project object */;
			proxyType = 1;
			remoteGlobalIDString = 3928B20A2255D28B00E7BBB6;
			remoteInfo = "iOS Tetris";
		};
/* End PBXContainerItemProxy section */

/* Begin PBXFileReference section */
		391CBE282270DEB6007ABCF1 /* MenuViewController.swift */ = {isa = PBXFileReference; lastKnownFileType = sourcecode.swift; path = MenuViewController.swift; sourceTree = "<group>"; };
		391CBE2A2270E25F007ABCF1 /* tetris-pic.jpg */ = {isa = PBXFileReference; lastKnownFileType = image.jpeg; path = "tetris-pic.jpg"; sourceTree = "<group>"; };
		391CBE2C2270E611007ABCF1 /* PlayViewController.swift */ = {isa = PBXFileReference; lastKnownFileType = sourcecode.swift; path = PlayViewController.swift; sourceTree = "<group>"; };
		391CBE31227114A3007ABCF1 /* iOS Tetris.xcdatamodel */ = {isa = PBXFileReference; lastKnownFileType = wrapper.xcdatamodel; path = "iOS Tetris.xcdatamodel"; sourceTree = "<group>"; };
		3928B20B2255D28C00E7BBB6 /* iOS Tetris.app */ = {isa = PBXFileReference; explicitFileType = wrapper.application; includeInIndex = 0; path = "iOS Tetris.app"; sourceTree = BUILT_PRODUCTS_DIR; };
		3928B20E2255D28C00E7BBB6 /* AppDelegate.swift */ = {isa = PBXFileReference; lastKnownFileType = sourcecode.swift; path = AppDelegate.swift; sourceTree = "<group>"; };
		3928B2142255D28C00E7BBB6 /* GameScene.swift */ = {isa = PBXFileReference; lastKnownFileType = sourcecode.swift; path = GameScene.swift; sourceTree = "<group>"; };
		3928B2162255D28C00E7BBB6 /* GameViewController.swift */ = {isa = PBXFileReference; lastKnownFileType = sourcecode.swift; path = GameViewController.swift; sourceTree = "<group>"; };
		3928B2192255D28C00E7BBB6 /* Base */ = {isa = PBXFileReference; lastKnownFileType = file.storyboard; name = Base; path = Base.lproj/Main.storyboard; sourceTree = "<group>"; };
		3928B21B2255D29C00E7BBB6 /* Assets.xcassets */ = {isa = PBXFileReference; lastKnownFileType = folder.assetcatalog; path = Assets.xcassets; sourceTree = "<group>"; };
		3928B21E2255D29C00E7BBB6 /* Base */ = {isa = PBXFileReference; lastKnownFileType = file.storyboard; name = Base; path = Base.lproj/LaunchScreen.storyboard; sourceTree = "<group>"; };
		3928B2202255D29C00E7BBB6 /* Info.plist */ = {isa = PBXFileReference; lastKnownFileType = text.plist.xml; path = Info.plist; sourceTree = "<group>"; };
		3928B2252255D29D00E7BBB6 /* iOS TetrisTests.xctest */ = {isa = PBXFileReference; explicitFileType = wrapper.cfbundle; includeInIndex = 0; path = "iOS TetrisTests.xctest"; sourceTree = BUILT_PRODUCTS_DIR; };
		3928B2292255D29D00E7BBB6 /* iOS_TetrisTests.swift */ = {isa = PBXFileReference; lastKnownFileType = sourcecode.swift; path = iOS_TetrisTests.swift; sourceTree = "<group>"; };
		3928B22B2255D29D00E7BBB6 /* Info.plist */ = {isa = PBXFileReference; lastKnownFileType = text.plist.xml; path = Info.plist; sourceTree = "<group>"; };
		392A7EC12271448200898F81 /* LeaderboardViewController.swift */ = {isa = PBXFileReference; fileEncoding = 4; lastKnownFileType = sourcecode.swift; path = LeaderboardViewController.swift; sourceTree = "<group>"; };
		39819AA1225BC75A0041DCAE /* Array2D.swift */ = {isa = PBXFileReference; lastKnownFileType = sourcecode.swift; path = Array2D.swift; sourceTree = "<group>"; };
		39819AA3225BCDAF0041DCAE /* Block.swift */ = {isa = PBXFileReference; lastKnownFileType = sourcecode.swift; path = Block.swift; sourceTree = "<group>"; };
		39819AA5225BD1EF0041DCAE /* Shape.swift */ = {isa = PBXFileReference; lastKnownFileType = sourcecode.swift; path = Shape.swift; sourceTree = "<group>"; };
		39819AA7225CF8BB0041DCAE /* SquareShape.swift */ = {isa = PBXFileReference; lastKnownFileType = sourcecode.swift; path = SquareShape.swift; sourceTree = "<group>"; };
		39819AA9225CF95C0041DCAE /* TShape.swift */ = {isa = PBXFileReference; lastKnownFileType = sourcecode.swift; path = TShape.swift; sourceTree = "<group>"; };
		39819AAB225CFE500041DCAE /* LineShape.swift */ = {isa = PBXFileReference; lastKnownFileType = sourcecode.swift; path = LineShape.swift; sourceTree = "<group>"; };
		39819AAD225CFF500041DCAE /* LShape.swift */ = {isa = PBXFileReference; lastKnownFileType = sourcecode.swift; path = LShape.swift; sourceTree = "<group>"; };
		39819AAF225D017B0041DCAE /* JShape.swift */ = {isa = PBXFileReference; lastKnownFileType = sourcecode.swift; path = JShape.swift; sourceTree = "<group>"; };
		39819AB1225D01CC0041DCAE /* SShape.swift */ = {isa = PBXFileReference; lastKnownFileType = sourcecode.swift; path = SShape.swift; sourceTree = "<group>"; };
		39819AB3225D02300041DCAE /* ZShape.swift */ = {isa = PBXFileReference; lastKnownFileType = sourcecode.swift; path = ZShape.swift; sourceTree = "<group>"; };
		39819AB5225D05BD0041DCAE /* GameEngine.swift */ = {isa = PBXFileReference; lastKnownFileType = sourcecode.swift; path = GameEngine.swift; sourceTree = "<group>"; };
		39819AB7225EEB850041DCAE /* GameEngineDelegate.swift */ = {isa = PBXFileReference; lastKnownFileType = sourcecode.swift; path = GameEngineDelegate.swift; sourceTree = "<group>"; };
		39F4BEBB2257E0E40002607B /* drop.mp3 */ = {isa = PBXFileReference; lastKnownFileType = audio.mp3; path = drop.mp3; sourceTree = "<group>"; };
		39F4BEBC2257E0E40002607B /* levelup.mp3 */ = {isa = PBXFileReference; lastKnownFileType = audio.mp3; path = levelup.mp3; sourceTree = "<group>"; };
		39F4BEBD2257E0E40002607B /* gameover.mp3 */ = {isa = PBXFileReference; lastKnownFileType = audio.mp3; path = gameover.mp3; sourceTree = "<group>"; };
		39F4BEBE2257E0E40002607B /* theme.mp3 */ = {isa = PBXFileReference; lastKnownFileType = audio.mp3; path = theme.mp3; sourceTree = "<group>"; };
		39F4BEBF2257E0E40002607B /* bomb.mp3 */ = {isa = PBXFileReference; lastKnownFileType = audio.mp3; path = bomb.mp3; sourceTree = "<group>"; };
		39F4BEC52257E1000002607B /* Sprites.atlas */ = {isa = PBXFileReference; lastKnownFileType = folder.skatlas; path = Sprites.atlas; sourceTree = "<group>"; };
/* End PBXFileReference section */

/* Begin PBXFrameworksBuildPhase section */
		3928B2082255D28B00E7BBB6 /* Frameworks */ = {
			isa = PBXFrameworksBuildPhase;
			buildActionMask = 2147483647;
			files = (
			);
			runOnlyForDeploymentPostprocessing = 0;
		};
		3928B2222255D29D00E7BBB6 /* Frameworks */ = {
			isa = PBXFrameworksBuildPhase;
			buildActionMask = 2147483647;
			files = (
			);
			runOnlyForDeploymentPostprocessing = 0;
		};
/* End PBXFrameworksBuildPhase section */

/* Begin PBXGroup section */
		391CBE252270DE6F007ABCF1 /* Images */ = {
			isa = PBXGroup;
			children = (
				391CBE2A2270E25F007ABCF1 /* tetris-pic.jpg */,
			);
			path = Images;
			sourceTree = "<group>";
		};
		3928B2022255D28B00E7BBB6 = {
			isa = PBXGroup;
			children = (
				3928B20D2255D28C00E7BBB6 /* iOS Tetris */,
				3928B2282255D29D00E7BBB6 /* iOS TetrisTests */,
				3928B20C2255D28C00E7BBB6 /* Products */,
			);
			sourceTree = "<group>";
		};
		3928B20C2255D28C00E7BBB6 /* Products */ = {
			isa = PBXGroup;
			children = (
				3928B20B2255D28C00E7BBB6 /* iOS Tetris.app */,
				3928B2252255D29D00E7BBB6 /* iOS TetrisTests.xctest */,
			);
			name = Products;
			sourceTree = "<group>";
		};
		3928B20D2255D28C00E7BBB6 /* iOS Tetris */ = {
			isa = PBXGroup;
			children = (
				3928B2182255D28C00E7BBB6 /* Main.storyboard */,
				3928B21B2255D29C00E7BBB6 /* Assets.xcassets */,
				3928B20E2255D28C00E7BBB6 /* AppDelegate.swift */,
				391CBE282270DEB6007ABCF1 /* MenuViewController.swift */,
				391CBE2C2270E611007ABCF1 /* PlayViewController.swift */,
				392A7EC12271448200898F81 /* LeaderboardViewController.swift */,
				3928B2142255D28C00E7BBB6 /* GameScene.swift */,
				3928B2162255D28C00E7BBB6 /* GameViewController.swift */,
				39819AB5225D05BD0041DCAE /* GameEngine.swift */,
				39819AB7225EEB850041DCAE /* GameEngineDelegate.swift */,
				39819AA1225BC75A0041DCAE /* Array2D.swift */,
				39819AA3225BCDAF0041DCAE /* Block.swift */,
				39819AA5225BD1EF0041DCAE /* Shape.swift */,
				39819AA7225CF8BB0041DCAE /* SquareShape.swift */,
				39819AA9225CF95C0041DCAE /* TShape.swift */,
				39819AAB225CFE500041DCAE /* LineShape.swift */,
				39819AAD225CFF500041DCAE /* LShape.swift */,
				39819AAF225D017B0041DCAE /* JShape.swift */,
				39819AB1225D01CC0041DCAE /* SShape.swift */,
				39819AB3225D02300041DCAE /* ZShape.swift */,
				39F4BEBE2257E0E40002607B /* theme.mp3 */,
				39F4BEBB2257E0E40002607B /* drop.mp3 */,
				39F4BEBC2257E0E40002607B /* levelup.mp3 */,
				39F4BEBD2257E0E40002607B /* gameover.mp3 */,
				39F4BEBF2257E0E40002607B /* bomb.mp3 */,
				39F4BEC52257E1000002607B /* Sprites.atlas */,
				391CBE252270DE6F007ABCF1 /* Images */,
				3928B21D2255D29C00E7BBB6 /* LaunchScreen.storyboard */,
				3928B2202255D29C00E7BBB6 /* Info.plist */,
				391CBE30227114A3007ABCF1 /* iOS Tetris.xcdatamodeld */,
			);
			path = "iOS Tetris";
			sourceTree = "<group>";
		};
		3928B2282255D29D00E7BBB6 /* iOS TetrisTests */ = {
			isa = PBXGroup;
			children = (
				3928B2292255D29D00E7BBB6 /* iOS_TetrisTests.swift */,
				3928B22B2255D29D00E7BBB6 /* Info.plist */,
			);
			path = "iOS TetrisTests";
			sourceTree = "<group>";
		};
/* End PBXGroup section */

/* Begin PBXNativeTarget section */
		3928B20A2255D28B00E7BBB6 /* iOS Tetris */ = {
			isa = PBXNativeTarget;
			buildConfigurationList = 3928B22E2255D29D00E7BBB6 /* Build configuration list for PBXNativeTarget "iOS Tetris" */;
			buildPhases = (
				3928B2072255D28B00E7BBB6 /* Sources */,
				3928B2082255D28B00E7BBB6 /* Frameworks */,
				3928B2092255D28B00E7BBB6 /* Resources */,
			);
			buildRules = (
			);
			dependencies = (
			);
			name = "iOS Tetris";
			productName = "iOS Tetris";
			productReference = 3928B20B2255D28C00E7BBB6 /* iOS Tetris.app */;
			productType = "com.apple.product-type.application";
		};
		3928B2242255D29D00E7BBB6 /* iOS TetrisTests */ = {
			isa = PBXNativeTarget;
			buildConfigurationList = 3928B2312255D29D00E7BBB6 /* Build configuration list for PBXNativeTarget "iOS TetrisTests" */;
			buildPhases = (
				3928B2212255D29D00E7BBB6 /* Sources */,
				3928B2222255D29D00E7BBB6 /* Frameworks */,
				3928B2232255D29D00E7BBB6 /* Resources */,
			);
			buildRules = (
			);
			dependencies = (
				3928B2272255D29D00E7BBB6 /* PBXTargetDependency */,
			);
			name = "iOS TetrisTests";
			productName = "iOS TetrisTests";
			productReference = 3928B2252255D29D00E7BBB6 /* iOS TetrisTests.xctest */;
			productType = "com.apple.product-type.bundle.unit-test";
		};
/* End PBXNativeTarget section */

/* Begin PBXProject section */
		3928B2032255D28B00E7BBB6 /* Project object */ = {
			isa = PBXProject;
			attributes = {
				LastSwiftUpdateCheck = 1010;
				LastUpgradeCheck = 1010;
				ORGANIZATIONNAME = "Josh Feltman";
				TargetAttributes = {
					3928B20A2255D28B00E7BBB6 = {
						CreatedOnToolsVersion = 10.1;
						LastSwiftMigration = 1020;
					};
					3928B2242255D29D00E7BBB6 = {
						CreatedOnToolsVersion = 10.1;
						LastSwiftMigration = 1020;
						TestTargetID = 3928B20A2255D28B00E7BBB6;
					};
				};
			};
			buildConfigurationList = 3928B2062255D28B00E7BBB6 /* Build configuration list for PBXProject "iOS Tetris" */;
			compatibilityVersion = "Xcode 9.3";
			developmentRegion = en;
			hasScannedForEncodings = 0;
			knownRegions = (
				en,
				Base,
			);
			mainGroup = 3928B2022255D28B00E7BBB6;
			productRefGroup = 3928B20C2255D28C00E7BBB6 /* Products */;
			projectDirPath = "";
			projectRoot = "";
			targets = (
				3928B20A2255D28B00E7BBB6 /* iOS Tetris */,
				3928B2242255D29D00E7BBB6 /* iOS TetrisTests */,
			);
		};
/* End PBXProject section */

/* Begin PBXResourcesBuildPhase section */
		3928B2092255D28B00E7BBB6 /* Resources */ = {
			isa = PBXResourcesBuildPhase;
			buildActionMask = 2147483647;
			files = (
				3928B21A2255D28C00E7BBB6 /* Main.storyboard in Resources */,
				391CBE2B2270E25F007ABCF1 /* tetris-pic.jpg in Resources */,
				3928B21C2255D29C00E7BBB6 /* Assets.xcassets in Resources */,
				39F4BEC22257E0E40002607B /* gameover.mp3 in Resources */,
				392A7EC32271532700898F81 /* theme.mp3 in Resources */,
				39F4BEC12257E0E40002607B /* levelup.mp3 in Resources */,
				3928B21F2255D29C00E7BBB6 /* LaunchScreen.storyboard in Resources */,
				39F4BEC62257E1000002607B /* Sprites.atlas in Resources */,
				39F4BEC42257E0E40002607B /* bomb.mp3 in Resources */,
				39F4BEC02257E0E40002607B /* drop.mp3 in Resources */,
			);
			runOnlyForDeploymentPostprocessing = 0;
		};
		3928B2232255D29D00E7BBB6 /* Resources */ = {
			isa = PBXResourcesBuildPhase;
			buildActionMask = 2147483647;
			files = (
			);
			runOnlyForDeploymentPostprocessing = 0;
		};
/* End PBXResourcesBuildPhase section */

/* Begin PBXSourcesBuildPhase section */
		3928B2072255D28B00E7BBB6 /* Sources */ = {
			isa = PBXSourcesBuildPhase;
			buildActionMask = 2147483647;
			files = (
				39819AB8225EEB850041DCAE /* GameEngineDelegate.swift in Sources */,
				39819AAE225CFF500041DCAE /* LShape.swift in Sources */,
				39819AA8225CF8BB0041DCAE /* SquareShape.swift in Sources */,
				3928B2152255D28C00E7BBB6 /* GameScene.swift in Sources */,
				39819AB0225D017B0041DCAE /* JShape.swift in Sources */,
				391CBE32227114A3007ABCF1 /* iOS Tetris.xcdatamodeld in Sources */,
				39819AA6225BD1EF0041DCAE /* Shape.swift in Sources */,
				39819AA2225BC75A0041DCAE /* Array2D.swift in Sources */,
				391CBE292270DEB6007ABCF1 /* MenuViewController.swift in Sources */,
				39819AAC225CFE500041DCAE /* LineShape.swift in Sources */,
				391CBE2D2270E611007ABCF1 /* PlayViewController.swift in Sources */,
				39819AB2225D01CC0041DCAE /* SShape.swift in Sources */,
				39819AAA225CF95C0041DCAE /* TShape.swift in Sources */,
				39819AB6225D05BD0041DCAE /* GameEngine.swift in Sources */,
				39819AA4225BCDAF0041DCAE /* Block.swift in Sources */,
				392A7EC22271448200898F81 /* LeaderboardViewController.swift in Sources */,
				3928B2172255D28C00E7BBB6 /* GameViewController.swift in Sources */,
				39819AB4225D02300041DCAE /* ZShape.swift in Sources */,
				3928B20F2255D28C00E7BBB6 /* AppDelegate.swift in Sources */,
			);
			runOnlyForDeploymentPostprocessing = 0;
		};
		3928B2212255D29D00E7BBB6 /* Sources */ = {
			isa = PBXSourcesBuildPhase;
			buildActionMask = 2147483647;
			files = (
				3928B22A2255D29D00E7BBB6 /* iOS_TetrisTests.swift in Sources */,
			);
			runOnlyForDeploymentPostprocessing = 0;
		};
/* End PBXSourcesBuildPhase section */

/* Begin PBXTargetDependency section */
		3928B2272255D29D00E7BBB6 /* PBXTargetDependency */ = {
			isa = PBXTargetDependency;
			target = 3928B20A2255D28B00E7BBB6 /* iOS Tetris */;
			targetProxy = 3928B2262255D29D00E7BBB6 /* PBXContainerItemProxy */;
		};
/* End PBXTargetDependency section */

/* Begin PBXVariantGroup section */
		3928B2182255D28C00E7BBB6 /* Main.storyboard */ = {
			isa = PBXVariantGroup;
			children = (
				3928B2192255D28C00E7BBB6 /* Base */,
			);
			name = Main.storyboard;
			sourceTree = "<group>";
		};
		3928B21D2255D29C00E7BBB6 /* LaunchScreen.storyboard */ = {
			isa = PBXVariantGroup;
			children = (
				3928B21E2255D29C00E7BBB6 /* Base */,
			);
			name = LaunchScreen.storyboard;
			sourceTree = "<group>";
		};
/* End PBXVariantGroup section */

/* Begin XCBuildConfiguration section */
		3928B22C2255D29D00E7BBB6 /* Debug */ = {
			isa = XCBuildConfiguration;
			buildSettings = {
				ALWAYS_SEARCH_USER_PATHS = NO;
				CLANG_ANALYZER_NONNULL = YES;
				CLANG_ANALYZER_NUMBER_OBJECT_CONVERSION = YES_AGGRESSIVE;
				CLANG_CXX_LANGUAGE_STANDARD = "gnu++14";
				CLANG_CXX_LIBRARY = "libc++";
				CLANG_ENABLE_MODULES = YES;
				CLANG_ENABLE_OBJC_ARC = YES;
				CLANG_ENABLE_OBJC_WEAK = YES;
				CLANG_WARN_BLOCK_CAPTURE_AUTORELEASING = YES;
				CLANG_WARN_BOOL_CONVERSION = YES;
				CLANG_WARN_COMMA = YES;
				CLANG_WARN_CONSTANT_CONVERSION = YES;
				CLANG_WARN_DEPRECATED_OBJC_IMPLEMENTATIONS = YES;
				CLANG_WARN_DIRECT_OBJC_ISA_USAGE = YES_ERROR;
				CLANG_WARN_DOCUMENTATION_COMMENTS = YES;
				CLANG_WARN_EMPTY_BODY = YES;
				CLANG_WARN_ENUM_CONVERSION = YES;
				CLANG_WARN_INFINITE_RECURSION = YES;
				CLANG_WARN_INT_CONVERSION = YES;
				CLANG_WARN_NON_LITERAL_NULL_CONVERSION = YES;
				CLANG_WARN_OBJC_IMPLICIT_RETAIN_SELF = YES;
				CLANG_WARN_OBJC_LITERAL_CONVERSION = YES;
				CLANG_WARN_OBJC_ROOT_CLASS = YES_ERROR;
				CLANG_WARN_RANGE_LOOP_ANALYSIS = YES;
				CLANG_WARN_STRICT_PROTOTYPES = YES;
				CLANG_WARN_SUSPICIOUS_MOVE = YES;
				CLANG_WARN_UNGUARDED_AVAILABILITY = YES_AGGRESSIVE;
				CLANG_WARN_UNREACHABLE_CODE = YES;
				CLANG_WARN__DUPLICATE_METHOD_MATCH = YES;
				CODE_SIGN_IDENTITY = "iPhone Developer";
				COPY_PHASE_STRIP = NO;
				DEBUG_INFORMATION_FORMAT = dwarf;
				ENABLE_STRICT_OBJC_MSGSEND = YES;
				ENABLE_TESTABILITY = YES;
				GCC_C_LANGUAGE_STANDARD = gnu11;
				GCC_DYNAMIC_NO_PIC = NO;
				GCC_NO_COMMON_BLOCKS = YES;
				GCC_OPTIMIZATION_LEVEL = 0;
				GCC_PREPROCESSOR_DEFINITIONS = (
					"DEBUG=1",
					"$(inherited)",
				);
				GCC_WARN_64_TO_32_BIT_CONVERSION = YES;
				GCC_WARN_ABOUT_RETURN_TYPE = YES_ERROR;
				GCC_WARN_UNDECLARED_SELECTOR = YES;
				GCC_WARN_UNINITIALIZED_AUTOS = YES_AGGRESSIVE;
				GCC_WARN_UNUSED_FUNCTION = YES;
				GCC_WARN_UNUSED_VARIABLE = YES;
				IPHONEOS_DEPLOYMENT_TARGET = 12.1;
				MTL_ENABLE_DEBUG_INFO = INCLUDE_SOURCE;
				MTL_FAST_MATH = YES;
				ONLY_ACTIVE_ARCH = YES;
				SDKROOT = iphoneos;
				SWIFT_ACTIVE_COMPILATION_CONDITIONS = DEBUG;
				SWIFT_OPTIMIZATION_LEVEL = "-Onone";
			};
			name = Debug;
		};
		3928B22D2255D29D00E7BBB6 /* Release */ = {
			isa = XCBuildConfiguration;
			buildSettings = {
				ALWAYS_SEARCH_USER_PATHS = NO;
				CLANG_ANALYZER_NONNULL = YES;
				CLANG_ANALYZER_NUMBER_OBJECT_CONVERSION = YES_AGGRESSIVE;
				CLANG_CXX_LANGUAGE_STANDARD = "gnu++14";
				CLANG_CXX_LIBRARY = "libc++";
				CLANG_ENABLE_MODULES = YES;
				CLANG_ENABLE_OBJC_ARC = YES;
				CLANG_ENABLE_OBJC_WEAK = YES;
				CLANG_WARN_BLOCK_CAPTURE_AUTORELEASING = YES;
				CLANG_WARN_BOOL_CONVERSION = YES;
				CLANG_WARN_COMMA = YES;
				CLANG_WARN_CONSTANT_CONVERSION = YES;
				CLANG_WARN_DEPRECATED_OBJC_IMPLEMENTATIONS = YES;
				CLANG_WARN_DIRECT_OBJC_ISA_USAGE = YES_ERROR;
				CLANG_WARN_DOCUMENTATION_COMMENTS = YES;
				CLANG_WARN_EMPTY_BODY = YES;
				CLANG_WARN_ENUM_CONVERSION = YES;
				CLANG_WARN_INFINITE_RECURSION = YES;
				CLANG_WARN_INT_CONVERSION = YES;
				CLANG_WARN_NON_LITERAL_NULL_CONVERSION = YES;
				CLANG_WARN_OBJC_IMPLICIT_RETAIN_SELF = YES;
				CLANG_WARN_OBJC_LITERAL_CONVERSION = YES;
				CLANG_WARN_OBJC_ROOT_CLASS = YES_ERROR;
				CLANG_WARN_RANGE_LOOP_ANALYSIS = YES;
				CLANG_WARN_STRICT_PROTOTYPES = YES;
				CLANG_WARN_SUSPICIOUS_MOVE = YES;
				CLANG_WARN_UNGUARDED_AVAILABILITY = YES_AGGRESSIVE;
				CLANG_WARN_UNREACHABLE_CODE = YES;
				CLANG_WARN__DUPLICATE_METHOD_MATCH = YES;
				CODE_SIGN_IDENTITY = "iPhone Developer";
				COPY_PHASE_STRIP = NO;
				DEBUG_INFORMATION_FORMAT = "dwarf-with-dsym";
				ENABLE_NS_ASSERTIONS = NO;
				ENABLE_STRICT_OBJC_MSGSEND = YES;
				GCC_C_LANGUAGE_STANDARD = gnu11;
				GCC_NO_COMMON_BLOCKS = YES;
				GCC_WARN_64_TO_32_BIT_CONVERSION = YES;
				GCC_WARN_ABOUT_RETURN_TYPE = YES_ERROR;
				GCC_WARN_UNDECLARED_SELECTOR = YES;
				GCC_WARN_UNINITIALIZED_AUTOS = YES_AGGRESSIVE;
				GCC_WARN_UNUSED_FUNCTION = YES;
				GCC_WARN_UNUSED_VARIABLE = YES;
				IPHONEOS_DEPLOYMENT_TARGET = 12.1;
				MTL_ENABLE_DEBUG_INFO = NO;
				MTL_FAST_MATH = YES;
				SDKROOT = iphoneos;
				SWIFT_COMPILATION_MODE = wholemodule;
				SWIFT_OPTIMIZATION_LEVEL = "-O";
				VALIDATE_PRODUCT = YES;
			};
			name = Release;
		};
		3928B22F2255D29D00E7BBB6 /* Debug */ = {
			isa = XCBuildConfiguration;
			buildSettings = {
				ASSETCATALOG_COMPILER_APPICON_NAME = AppIcon;
				CODE_SIGN_STYLE = Automatic;
				DEVELOPMENT_TEAM = 5WNJ62SEFV;
				INFOPLIST_FILE = "iOS Tetris/Info.plist";
				LD_RUNPATH_SEARCH_PATHS = (
					"$(inherited)",
					"@executable_path/Frameworks",
				);
				PRODUCT_BUNDLE_IDENTIFIER = "com.joshfeltman.iOS-Tetris";
				PRODUCT_NAME = "$(TARGET_NAME)";
				SWIFT_VERSION = 5.0;
				TARGETED_DEVICE_FAMILY = 1;
			};
			name = Debug;
		};
		3928B2302255D29D00E7BBB6 /* Release */ = {
			isa = XCBuildConfiguration;
			buildSettings = {
				ASSETCATALOG_COMPILER_APPICON_NAME = AppIcon;
				CODE_SIGN_STYLE = Automatic;
				DEVELOPMENT_TEAM = 5WNJ62SEFV;
				INFOPLIST_FILE = "iOS Tetris/Info.plist";
				LD_RUNPATH_SEARCH_PATHS = (
					"$(inherited)",
					"@executable_path/Frameworks",
				);
				PRODUCT_BUNDLE_IDENTIFIER = "com.joshfeltman.iOS-Tetris";
				PRODUCT_NAME = "$(TARGET_NAME)";
				SWIFT_VERSION = 5.0;
				TARGETED_DEVICE_FAMILY = 1;
			};
			name = Release;
		};
		3928B2322255D29D00E7BBB6 /* Debug */ = {
			isa = XCBuildConfiguration;
			buildSettings = {
				ALWAYS_EMBED_SWIFT_STANDARD_LIBRARIES = YES;
				BUNDLE_LOADER = "$(TEST_HOST)";
				CODE_SIGN_STYLE = Automatic;
				DEVELOPMENT_TEAM = 5WNJ62SEFV;
				INFOPLIST_FILE = "iOS TetrisTests/Info.plist";
				LD_RUNPATH_SEARCH_PATHS = (
					"$(inherited)",
					"@executable_path/Frameworks",
					"@loader_path/Frameworks",
				);
				PRODUCT_BUNDLE_IDENTIFIER = "com.joshfeltman.iOS-TetrisTests";
				PRODUCT_NAME = "$(TARGET_NAME)";
				SWIFT_VERSION = 5.0;
				TARGETED_DEVICE_FAMILY = "1,2";
				TEST_HOST = "$(BUILT_PRODUCTS_DIR)/iOS Tetris.app/iOS Tetris";
			};
			name = Debug;
		};
		3928B2332255D29D00E7BBB6 /* Release */ = {
			isa = XCBuildConfiguration;
			buildSettings = {
				ALWAYS_EMBED_SWIFT_STANDARD_LIBRARIES = YES;
				BUNDLE_LOADER = "$(TEST_HOST)";
				CODE_SIGN_STYLE = Automatic;
				DEVELOPMENT_TEAM = 5WNJ62SEFV;
				INFOPLIST_FILE = "iOS TetrisTests/Info.plist";
				LD_RUNPATH_SEARCH_PATHS = (
					"$(inherited)",
					"@executable_path/Frameworks",
					"@loader_path/Frameworks",
				);
				PRODUCT_BUNDLE_IDENTIFIER = "com.joshfeltman.iOS-TetrisTests";
				PRODUCT_NAME = "$(TARGET_NAME)";
				SWIFT_VERSION = 5.0;
				TARGETED_DEVICE_FAMILY = "1,2";
				TEST_HOST = "$(BUILT_PRODUCTS_DIR)/iOS Tetris.app/iOS Tetris";
			};
			name = Release;
		};
/* End XCBuildConfiguration section */

/* Begin XCConfigurationList section */
		3928B2062255D28B00E7BBB6 /* Build configuration list for PBXProject "iOS Tetris" */ = {
			isa = XCConfigurationList;
			buildConfigurations = (
				3928B22C2255D29D00E7BBB6 /* Debug */,
				3928B22D2255D29D00E7BBB6 /* Release */,
			);
			defaultConfigurationIsVisible = 0;
			defaultConfigurationName = Release;
		};
		3928B22E2255D29D00E7BBB6 /* Build configuration list for PBXNativeTarget "iOS Tetris" */ = {
			isa = XCConfigurationList;
			buildConfigurations = (
				3928B22F2255D29D00E7BBB6 /* Debug */,
				3928B2302255D29D00E7BBB6 /* Release */,
			);
			defaultConfigurationIsVisible = 0;
			defaultConfigurationName = Release;
		};
		3928B2312255D29D00E7BBB6 /* Build configuration list for PBXNativeTarget "iOS TetrisTests" */ = {
			isa = XCConfigurationList;
			buildConfigurations = (
				3928B2322255D29D00E7BBB6 /* Debug */,
				3928B2332255D29D00E7BBB6 /* Release */,
			);
			defaultConfigurationIsVisible = 0;
			defaultConfigurationName = Release;
		};
/* End XCConfigurationList section */

/* Begin XCVersionGroup section */
		391CBE30227114A3007ABCF1 /* iOS Tetris.xcdatamodeld */ = {
			isa = XCVersionGroup;
			children = (
				391CBE31227114A3007ABCF1 /* iOS Tetris.xcdatamodel */,
			);
			currentVersion = 391CBE31227114A3007ABCF1 /* iOS Tetris.xcdatamodel */;
			path = "iOS Tetris.xcdatamodeld";
			sourceTree = "<group>";
			versionGroupType = wrapper.xcdatamodel;
		};
/* End XCVersionGroup section */
	};
	rootObject = 3928B2032255D28B00E7BBB6 /* Project object */;
}
